// !$*UTF8*$!
{
	archiveVersion = 1;
	classes = {
	};
	objectVersion = 46;
	objects = {

/* Begin PBXBuildFile section */
		1E4676351CD6401500CBFBBC /* AppDelegate.swift in Sources */ = {isa = PBXBuildFile; fileRef = 1E4676341CD6401500CBFBBC /* AppDelegate.swift */; };
		1E46763A1CD6401500CBFBBC /* Main.storyboard in Resources */ = {isa = PBXBuildFile; fileRef = 1E4676381CD6401500CBFBBC /* Main.storyboard */; };
		1E46763F1CD6401500CBFBBC /* LaunchScreen.storyboard in Resources */ = {isa = PBXBuildFile; fileRef = 1E46763D1CD6401500CBFBBC /* LaunchScreen.storyboard */; };
		1E46764A1CD6401500CBFBBC /* KnowYourWeightTests.swift in Sources */ = {isa = PBXBuildFile; fileRef = 1E4676491CD6401500CBFBBC /* KnowYourWeightTests.swift */; };
		1E4676551CD6401500CBFBBC /* KnowYourWeightUITests.swift in Sources */ = {isa = PBXBuildFile; fileRef = 1E4676541CD6401500CBFBBC /* KnowYourWeightUITests.swift */; };
		1E5752711CE47F4E00E4011C /* ProfileViewController.swift in Sources */ = {isa = PBXBuildFile; fileRef = 1E5752701CE47F4E00E4011C /* ProfileViewController.swift */; };
		1E5752741CE47F8000E4011C /* ProfileViewModel.swift in Sources */ = {isa = PBXBuildFile; fileRef = 1E5752731CE47F8000E4011C /* ProfileViewModel.swift */; };
		1EACA0281CD64F7C00317F26 /* UserTableViewController.swift in Sources */ = {isa = PBXBuildFile; fileRef = 1EACA0271CD64F7C00317F26 /* UserTableViewController.swift */; };
		1EACA02A1CD6506000317F26 /* UserViewModel.swift in Sources */ = {isa = PBXBuildFile; fileRef = 1EACA0291CD6506000317F26 /* UserViewModel.swift */; };
		1ECA1AF61CD78ED0009D68F5 /* ObjectMapper.framework in Frameworks */ = {isa = PBXBuildFile; fileRef = 1ECA1AF51CD78ECF009D68F5 /* ObjectMapper.framework */; };
		1ECA1AFC1CD8D22D009D68F5 /* Images.xcassets in Resources */ = {isa = PBXBuildFile; fileRef = 1ECA1AFB1CD8D22D009D68F5 /* Images.xcassets */; };
		1ECA1B021CD8F62A009D68F5 /* HomeViewController.swift in Sources */ = {isa = PBXBuildFile; fileRef = 1ECA1B011CD8F62A009D68F5 /* HomeViewController.swift */; };
		1ECA1B041CD8F65E009D68F5 /* HomeViewModel.swift in Sources */ = {isa = PBXBuildFile; fileRef = 1ECA1B031CD8F65E009D68F5 /* HomeViewModel.swift */; };
		1ECA1B061CD8F724009D68F5 /* GraphViewController.swift in Sources */ = {isa = PBXBuildFile; fileRef = 1ECA1B051CD8F724009D68F5 /* GraphViewController.swift */; };
		1ECA1B091CD8F759009D68F5 /* GraphViewModel.swift in Sources */ = {isa = PBXBuildFile; fileRef = 1ECA1B081CD8F759009D68F5 /* GraphViewModel.swift */; };
		1ECA1B0B1CD8F7F2009D68F5 /* SignUpViewController.swift in Sources */ = {isa = PBXBuildFile; fileRef = 1ECA1B0A1CD8F7F2009D68F5 /* SignUpViewController.swift */; };
		1ECA1B0E1CD8F812009D68F5 /* SignUpViewModel.swift in Sources */ = {isa = PBXBuildFile; fileRef = 1ECA1B0D1CD8F812009D68F5 /* SignUpViewModel.swift */; };
		1ECA1B1A1CD8FA22009D68F5 /* UserModel.swift in Sources */ = {isa = PBXBuildFile; fileRef = 1ECA1B191CD8FA22009D68F5 /* UserModel.swift */; };
		1ECA1B1D1CD8FA43009D68F5 /* WebService.swift in Sources */ = {isa = PBXBuildFile; fileRef = 1ECA1B1C1CD8FA43009D68F5 /* WebService.swift */; };
		1ECA1B1F1CD9DC58009D68F5 /* ScaleModel.swift in Sources */ = {isa = PBXBuildFile; fileRef = 1ECA1B1E1CD9DC58009D68F5 /* ScaleModel.swift */; };
		1ECA1B231CD9E19B009D68F5 /* Route.swift in Sources */ = {isa = PBXBuildFile; fileRef = 1ECA1B221CD9E19B009D68F5 /* Route.swift */; };
		1ECA1B251CD9E860009D68F5 /* Charts.framework in Frameworks */ = {isa = PBXBuildFile; fileRef = 1ECA1B241CD9E860009D68F5 /* Charts.framework */; };
		1ECA1B271CDA74C6009D68F5 /* TabbarViewController.swift in Sources */ = {isa = PBXBuildFile; fileRef = 1ECA1B261CDA74C6009D68F5 /* TabbarViewController.swift */; };
		1ECA1B291CDB24B0009D68F5 /* Utility.swift in Sources */ = {isa = PBXBuildFile; fileRef = 1ECA1B281CDB24B0009D68F5 /* Utility.swift */; };
		1ECA1B791CDBE3EA009D68F5 /* LoginViewController.swift in Sources */ = {isa = PBXBuildFile; fileRef = 1ECA1B781CDBE3EA009D68F5 /* LoginViewController.swift */; };
		1ECA1B7B1CDBE410009D68F5 /* LoginViewModel.swift in Sources */ = {isa = PBXBuildFile; fileRef = 1ECA1B7A1CDBE410009D68F5 /* LoginViewModel.swift */; };
		1ECA1B7F1CDBF14B009D68F5 /* Bond.framework in Frameworks */ = {isa = PBXBuildFile; fileRef = 1ECA1B7E1CDBF14B009D68F5 /* Bond.framework */; };
		1ECA1B811CDBF15A009D68F5 /* Alamofire.framework in Frameworks */ = {isa = PBXBuildFile; fileRef = 1ECA1B801CDBF15A009D68F5 /* Alamofire.framework */; };
		1ECA1B831CDC6BBF009D68F5 /* CryptoSwift.framework in Frameworks */ = {isa = PBXBuildFile; fileRef = 1ECA1B821CDC6BBF009D68F5 /* CryptoSwift.framework */; };
		1EE3E0C41CF4FD6300ACD5A5 /* ChartMarker.xib in Resources */ = {isa = PBXBuildFile; fileRef = 1EE3E0C31CF4FD6300ACD5A5 /* ChartMarker.xib */; };
		1EE500611CDDC4D80043D8C3 /* SweetAlert.swift in Sources */ = {isa = PBXBuildFile; fileRef = 1EE500601CDDC4D80043D8C3 /* SweetAlert.swift */; };
		E710988D6764DAB36CF6CFBD /* Pods_KnowYourWeight.framework in Frameworks */ = {isa = PBXBuildFile; fileRef = ABE39A699851980445C80081 /* Pods_KnowYourWeight.framework */; };
/* End PBXBuildFile section */

/* Begin PBXContainerItemProxy section */
		1E4676461CD6401500CBFBBC /* PBXContainerItemProxy */ = {
			isa = PBXContainerItemProxy;
			containerPortal = 1E4676291CD6401500CBFBBC /* Project object */;
			proxyType = 1;
			remoteGlobalIDString = 1E4676301CD6401500CBFBBC;
			remoteInfo = KnowYourWeight;
		};
		1E4676511CD6401500CBFBBC /* PBXContainerItemProxy */ = {
			isa = PBXContainerItemProxy;
			containerPortal = 1E4676291CD6401500CBFBBC /* Project object */;
			proxyType = 1;
			remoteGlobalIDString = 1E4676301CD6401500CBFBBC;
			remoteInfo = KnowYourWeight;
		};
/* End PBXContainerItemProxy section */

/* Begin PBXFileReference section */
		1E4676311CD6401500CBFBBC /* KnowYourWeight.app */ = {isa = PBXFileReference; explicitFileType = wrapper.application; includeInIndex = 0; path = KnowYourWeight.app; sourceTree = BUILT_PRODUCTS_DIR; };
		1E4676341CD6401500CBFBBC /* AppDelegate.swift */ = {isa = PBXFileReference; lastKnownFileType = sourcecode.swift; path = AppDelegate.swift; sourceTree = "<group>"; };
		1E4676391CD6401500CBFBBC /* Base */ = {isa = PBXFileReference; lastKnownFileType = file.storyboard; name = Base; path = Base.lproj/Main.storyboard; sourceTree = "<group>"; };
		1E46763E1CD6401500CBFBBC /* Base */ = {isa = PBXFileReference; lastKnownFileType = file.storyboard; name = Base; path = Base.lproj/LaunchScreen.storyboard; sourceTree = "<group>"; };
		1E4676401CD6401500CBFBBC /* Info.plist */ = {isa = PBXFileReference; lastKnownFileType = text.plist.xml; path = Info.plist; sourceTree = "<group>"; };
		1E4676451CD6401500CBFBBC /* KnowYourWeightTests.xctest */ = {isa = PBXFileReference; explicitFileType = wrapper.cfbundle; includeInIndex = 0; path = KnowYourWeightTests.xctest; sourceTree = BUILT_PRODUCTS_DIR; };
		1E4676491CD6401500CBFBBC /* KnowYourWeightTests.swift */ = {isa = PBXFileReference; lastKnownFileType = sourcecode.swift; path = KnowYourWeightTests.swift; sourceTree = "<group>"; };
		1E46764B1CD6401500CBFBBC /* Info.plist */ = {isa = PBXFileReference; lastKnownFileType = text.plist.xml; path = Info.plist; sourceTree = "<group>"; };
		1E4676501CD6401500CBFBBC /* KnowYourWeightUITests.xctest */ = {isa = PBXFileReference; explicitFileType = wrapper.cfbundle; includeInIndex = 0; path = KnowYourWeightUITests.xctest; sourceTree = BUILT_PRODUCTS_DIR; };
		1E4676541CD6401500CBFBBC /* KnowYourWeightUITests.swift */ = {isa = PBXFileReference; lastKnownFileType = sourcecode.swift; path = KnowYourWeightUITests.swift; sourceTree = "<group>"; };
		1E4676561CD6401500CBFBBC /* Info.plist */ = {isa = PBXFileReference; lastKnownFileType = text.plist.xml; path = Info.plist; sourceTree = "<group>"; };
		1E5752701CE47F4E00E4011C /* ProfileViewController.swift */ = {isa = PBXFileReference; fileEncoding = 4; lastKnownFileType = sourcecode.swift; name = ProfileViewController.swift; path = Profile/ProfileViewController.swift; sourceTree = "<group>"; };
		1E5752731CE47F8000E4011C /* ProfileViewModel.swift */ = {isa = PBXFileReference; fileEncoding = 4; lastKnownFileType = sourcecode.swift; path = ProfileViewModel.swift; sourceTree = "<group>"; };
		1EACA0271CD64F7C00317F26 /* UserTableViewController.swift */ = {isa = PBXFileReference; fileEncoding = 4; lastKnownFileType = sourcecode.swift; path = UserTableViewController.swift; sourceTree = "<group>"; };
		1EACA0291CD6506000317F26 /* UserViewModel.swift */ = {isa = PBXFileReference; fileEncoding = 4; lastKnownFileType = sourcecode.swift; path = UserViewModel.swift; sourceTree = "<group>"; };
		1ECA1AF51CD78ECF009D68F5 /* ObjectMapper.framework */ = {isa = PBXFileReference; lastKnownFileType = wrapper.framework; name = ObjectMapper.framework; path = "../Library/Developer/Xcode/DerivedData/KnowYourWeight-axqghxhyejlpwzbxypbfnfiwoefs/Build/Products/Debug-iphonesimulator/ObjectMapper/ObjectMapper.framework"; sourceTree = "<group>"; };
		1ECA1AFB1CD8D22D009D68F5 /* Images.xcassets */ = {isa = PBXFileReference; lastKnownFileType = folder.assetcatalog; path = Images.xcassets; sourceTree = "<group>"; };
		1ECA1B011CD8F62A009D68F5 /* HomeViewController.swift */ = {isa = PBXFileReference; fileEncoding = 4; lastKnownFileType = sourcecode.swift; name = HomeViewController.swift; path = Home/HomeViewController.swift; sourceTree = "<group>"; };
		1ECA1B031CD8F65E009D68F5 /* HomeViewModel.swift */ = {isa = PBXFileReference; fileEncoding = 4; lastKnownFileType = sourcecode.swift; name = HomeViewModel.swift; path = Home/HomeViewModel.swift; sourceTree = "<group>"; };
		1ECA1B051CD8F724009D68F5 /* GraphViewController.swift */ = {isa = PBXFileReference; fileEncoding = 4; lastKnownFileType = sourcecode.swift; name = GraphViewController.swift; path = Graph/GraphViewController.swift; sourceTree = "<group>"; };
		1ECA1B081CD8F759009D68F5 /* GraphViewModel.swift */ = {isa = PBXFileReference; fileEncoding = 4; lastKnownFileType = sourcecode.swift; name = GraphViewModel.swift; path = Graph/GraphViewModel.swift; sourceTree = "<group>"; };
		1ECA1B0A1CD8F7F2009D68F5 /* SignUpViewController.swift */ = {isa = PBXFileReference; fileEncoding = 4; lastKnownFileType = sourcecode.swift; name = SignUpViewController.swift; path = SignUp/SignUpViewController.swift; sourceTree = "<group>"; };
		1ECA1B0D1CD8F812009D68F5 /* SignUpViewModel.swift */ = {isa = PBXFileReference; fileEncoding = 4; lastKnownFileType = sourcecode.swift; name = SignUpViewModel.swift; path = SignUp/SignUpViewModel.swift; sourceTree = "<group>"; };
		1ECA1B191CD8FA22009D68F5 /* UserModel.swift */ = {isa = PBXFileReference; fileEncoding = 4; lastKnownFileType = sourcecode.swift; path = UserModel.swift; sourceTree = "<group>"; };
		1ECA1B1C1CD8FA43009D68F5 /* WebService.swift */ = {isa = PBXFileReference; fileEncoding = 4; lastKnownFileType = sourcecode.swift; path = WebService.swift; sourceTree = "<group>"; };
		1ECA1B1E1CD9DC58009D68F5 /* ScaleModel.swift */ = {isa = PBXFileReference; fileEncoding = 4; lastKnownFileType = sourcecode.swift; path = ScaleModel.swift; sourceTree = "<group>"; };
		1ECA1B221CD9E19B009D68F5 /* Route.swift */ = {isa = PBXFileReference; fileEncoding = 4; lastKnownFileType = sourcecode.swift; path = Route.swift; sourceTree = "<group>"; };
		1ECA1B241CD9E860009D68F5 /* Charts.framework */ = {isa = PBXFileReference; lastKnownFileType = wrapper.framework; name = Charts.framework; path = "../Library/Developer/Xcode/DerivedData/KnowYourWeight-axqghxhyejlpwzbxypbfnfiwoefs/Build/Products/Debug-iphonesimulator/Charts/Charts.framework"; sourceTree = "<group>"; };
		1ECA1B261CDA74C6009D68F5 /* TabbarViewController.swift */ = {isa = PBXFileReference; fileEncoding = 4; lastKnownFileType = sourcecode.swift; path = TabbarViewController.swift; sourceTree = "<group>"; };
		1ECA1B281CDB24B0009D68F5 /* Utility.swift */ = {isa = PBXFileReference; fileEncoding = 4; lastKnownFileType = sourcecode.swift; path = Utility.swift; sourceTree = "<group>"; };
		1ECA1B781CDBE3EA009D68F5 /* LoginViewController.swift */ = {isa = PBXFileReference; fileEncoding = 4; lastKnownFileType = sourcecode.swift; name = LoginViewController.swift; path = Login/LoginViewController.swift; sourceTree = "<group>"; };
		1ECA1B7A1CDBE410009D68F5 /* LoginViewModel.swift */ = {isa = PBXFileReference; fileEncoding = 4; lastKnownFileType = sourcecode.swift; name = LoginViewModel.swift; path = KnowYourWeight/Login/LoginViewModel.swift; sourceTree = SOURCE_ROOT; };
		1ECA1B7E1CDBF14B009D68F5 /* Bond.framework */ = {isa = PBXFileReference; lastKnownFileType = wrapper.framework; name = Bond.framework; path = "../Library/Developer/Xcode/DerivedData/KnowYourWeight-axqghxhyejlpwzbxypbfnfiwoefs/Build/Products/Debug-iphonesimulator/Bond/Bond.framework"; sourceTree = "<group>"; };
		1ECA1B801CDBF15A009D68F5 /* Alamofire.framework */ = {isa = PBXFileReference; lastKnownFileType = wrapper.framework; name = Alamofire.framework; path = "../Library/Developer/Xcode/DerivedData/KnowYourWeight-axqghxhyejlpwzbxypbfnfiwoefs/Build/Products/Debug-iphonesimulator/Alamofire/Alamofire.framework"; sourceTree = "<group>"; };
		1ECA1B821CDC6BBF009D68F5 /* CryptoSwift.framework */ = {isa = PBXFileReference; lastKnownFileType = wrapper.framework; name = CryptoSwift.framework; path = "../Library/Developer/Xcode/DerivedData/KnowYourWeight-axqghxhyejlpwzbxypbfnfiwoefs/Build/Products/Debug-iphonesimulator/CryptoSwift/CryptoSwift.framework"; sourceTree = "<group>"; };
		1EE3E0C31CF4FD6300ACD5A5 /* ChartMarker.xib */ = {isa = PBXFileReference; fileEncoding = 4; lastKnownFileType = file.xib; name = ChartMarker.xib; path = NIBs/ChartMarker.xib; sourceTree = "<group>"; };
		1EE500601CDDC4D80043D8C3 /* SweetAlert.swift */ = {isa = PBXFileReference; fileEncoding = 4; lastKnownFileType = sourcecode.swift; name = SweetAlert.swift; path = ExternalLib/SweetAlert.swift; sourceTree = "<group>"; };
		6D4C0399D5F5E73CC9AE0D9F /* Pods-KnowYourWeight.release.xcconfig */ = {isa = PBXFileReference; includeInIndex = 1; lastKnownFileType = text.xcconfig; name = "Pods-KnowYourWeight.release.xcconfig"; path = "Pods/Target Support Files/Pods-KnowYourWeight/Pods-KnowYourWeight.release.xcconfig"; sourceTree = "<group>"; };
		ABE39A699851980445C80081 /* Pods_KnowYourWeight.framework */ = {isa = PBXFileReference; explicitFileType = wrapper.framework; includeInIndex = 0; path = Pods_KnowYourWeight.framework; sourceTree = BUILT_PRODUCTS_DIR; };
		E8EEC3C8771CD9D7C1A3F0CC /* Pods-KnowYourWeight.debug.xcconfig */ = {isa = PBXFileReference; includeInIndex = 1; lastKnownFileType = text.xcconfig; name = "Pods-KnowYourWeight.debug.xcconfig"; path = "Pods/Target Support Files/Pods-KnowYourWeight/Pods-KnowYourWeight.debug.xcconfig"; sourceTree = "<group>"; };
/* End PBXFileReference section */

/* Begin PBXFrameworksBuildPhase section */
		1E46762E1CD6401500CBFBBC /* Frameworks */ = {
			isa = PBXFrameworksBuildPhase;
			buildActionMask = 2147483647;
			files = (
				1ECA1B831CDC6BBF009D68F5 /* CryptoSwift.framework in Frameworks */,
				1ECA1B811CDBF15A009D68F5 /* Alamofire.framework in Frameworks */,
				1ECA1B7F1CDBF14B009D68F5 /* Bond.framework in Frameworks */,
				1ECA1B251CD9E860009D68F5 /* Charts.framework in Frameworks */,
				1ECA1AF61CD78ED0009D68F5 /* ObjectMapper.framework in Frameworks */,
				E710988D6764DAB36CF6CFBD /* Pods_KnowYourWeight.framework in Frameworks */,
			);
			runOnlyForDeploymentPostprocessing = 0;
		};
		1E4676421CD6401500CBFBBC /* Frameworks */ = {
			isa = PBXFrameworksBuildPhase;
			buildActionMask = 2147483647;
			files = (
			);
			runOnlyForDeploymentPostprocessing = 0;
		};
		1E46764D1CD6401500CBFBBC /* Frameworks */ = {
			isa = PBXFrameworksBuildPhase;
			buildActionMask = 2147483647;
			files = (
			);
			runOnlyForDeploymentPostprocessing = 0;
		};
/* End PBXFrameworksBuildPhase section */

/* Begin PBXGroup section */
		1E4676281CD6401500CBFBBC = {
			isa = PBXGroup;
			children = (
				1ECA1AFB1CD8D22D009D68F5 /* Images.xcassets */,
				1E4676331CD6401500CBFBBC /* KnowYourWeight */,
				1E4676481CD6401500CBFBBC /* KnowYourWeightTests */,
				1E4676531CD6401500CBFBBC /* KnowYourWeightUITests */,
				1E4676321CD6401500CBFBBC /* Products */,
				97EAF0ECC1DF1D817C2B59FA /* Pods */,
				B79AFBA9AA4E6522BD8D182B /* Frameworks */,
			);
			sourceTree = "<group>";
		};
		1E4676321CD6401500CBFBBC /* Products */ = {
			isa = PBXGroup;
			children = (
				1E4676311CD6401500CBFBBC /* KnowYourWeight.app */,
				1E4676451CD6401500CBFBBC /* KnowYourWeightTests.xctest */,
				1E4676501CD6401500CBFBBC /* KnowYourWeightUITests.xctest */,
			);
			name = Products;
			sourceTree = "<group>";
		};
		1E4676331CD6401500CBFBBC /* KnowYourWeight */ = {
			isa = PBXGroup;
			children = (
				1EE3E0C51CF4FE3700ACD5A5 /* NIBs */,
				1EE500621CDDC4E00043D8C3 /* ExternalLib */,
				1ECA1B211CD9DC98009D68F5 /* Core */,
				1ECA1B1B1CD8FA43009D68F5 /* WebService */,
				1ECA1B181CD8FA22009D68F5 /* Model */,
				1EACA0241CD6423500317F26 /* Scene */,
			);
			path = KnowYourWeight;
			sourceTree = "<group>";
		};
		1E4676481CD6401500CBFBBC /* KnowYourWeightTests */ = {
			isa = PBXGroup;
			children = (
				1E4676491CD6401500CBFBBC /* KnowYourWeightTests.swift */,
				1E46764B1CD6401500CBFBBC /* Info.plist */,
			);
			path = KnowYourWeightTests;
			sourceTree = "<group>";
		};
		1E4676531CD6401500CBFBBC /* KnowYourWeightUITests */ = {
			isa = PBXGroup;
			children = (
				1E4676541CD6401500CBFBBC /* KnowYourWeightUITests.swift */,
				1E4676561CD6401500CBFBBC /* Info.plist */,
			);
			path = KnowYourWeightUITests;
			sourceTree = "<group>";
		};
		1E5752721CE47F5500E4011C /* Profile */ = {
			isa = PBXGroup;
			children = (
				1E5752701CE47F4E00E4011C /* ProfileViewController.swift */,
				1E5752731CE47F8000E4011C /* ProfileViewModel.swift */,
			);
			name = Profile;
			sourceTree = "<group>";
		};
		1EACA0241CD6423500317F26 /* Scene */ = {
			isa = PBXGroup;
			children = (
				1E5752721CE47F5500E4011C /* Profile */,
				1ECA1B7D1CDBE44C009D68F5 /* Login */,
				1ECA1B0C1CD8F7F6009D68F5 /* SignUp */,
				1ECA1B071CD8F73C009D68F5 /* Graph */,
				1EACA0261CD642C200317F26 /* Home */,
				1EACA0251CD642B200317F26 /* ListUser */,
			);
			name = Scene;
			sourceTree = "<group>";
		};
		1EACA0251CD642B200317F26 /* ListUser */ = {
			isa = PBXGroup;
			children = (
				1EACA0271CD64F7C00317F26 /* UserTableViewController.swift */,
				1EACA0291CD6506000317F26 /* UserViewModel.swift */,
			);
			path = ListUser;
			sourceTree = "<group>";
		};
		1EACA0261CD642C200317F26 /* Home */ = {
			isa = PBXGroup;
			children = (
				1ECA1B011CD8F62A009D68F5 /* HomeViewController.swift */,
				1ECA1B031CD8F65E009D68F5 /* HomeViewModel.swift */,
			);
			name = Home;
			sourceTree = "<group>";
		};
		1ECA1B071CD8F73C009D68F5 /* Graph */ = {
			isa = PBXGroup;
			children = (
				1ECA1B051CD8F724009D68F5 /* GraphViewController.swift */,
				1ECA1B081CD8F759009D68F5 /* GraphViewModel.swift */,
			);
			name = Graph;
			sourceTree = "<group>";
		};
		1ECA1B0C1CD8F7F6009D68F5 /* SignUp */ = {
			isa = PBXGroup;
			children = (
				1ECA1B0A1CD8F7F2009D68F5 /* SignUpViewController.swift */,
				1ECA1B0D1CD8F812009D68F5 /* SignUpViewModel.swift */,
			);
			name = SignUp;
			sourceTree = "<group>";
		};
		1ECA1B181CD8FA22009D68F5 /* Model */ = {
			isa = PBXGroup;
			children = (
				1ECA1B191CD8FA22009D68F5 /* UserModel.swift */,
				1ECA1B1E1CD9DC58009D68F5 /* ScaleModel.swift */,
			);
			path = Model;
			sourceTree = SOURCE_ROOT;
		};
		1ECA1B1B1CD8FA43009D68F5 /* WebService */ = {
			isa = PBXGroup;
			children = (
				1ECA1B1C1CD8FA43009D68F5 /* WebService.swift */,
			);
			path = WebService;
			sourceTree = SOURCE_ROOT;
		};
		1ECA1B211CD9DC98009D68F5 /* Core */ = {
			isa = PBXGroup;
			children = (
				1E4676341CD6401500CBFBBC /* AppDelegate.swift */,
				1E4676381CD6401500CBFBBC /* Main.storyboard */,
				1E46763D1CD6401500CBFBBC /* LaunchScreen.storyboard */,
				1E4676401CD6401500CBFBBC /* Info.plist */,
				1ECA1B221CD9E19B009D68F5 /* Route.swift */,
				1ECA1B261CDA74C6009D68F5 /* TabbarViewController.swift */,
				1ECA1B281CDB24B0009D68F5 /* Utility.swift */,
			);
			name = Core;
			sourceTree = "<group>";
		};
		1ECA1B7D1CDBE44C009D68F5 /* Login */ = {
			isa = PBXGroup;
			children = (
				1ECA1B781CDBE3EA009D68F5 /* LoginViewController.swift */,
				1ECA1B7A1CDBE410009D68F5 /* LoginViewModel.swift */,
			);
			name = Login;
			sourceTree = "<group>";
		};
		1EE3E0C51CF4FE3700ACD5A5 /* NIBs */ = {
			isa = PBXGroup;
			children = (
				1EE3E0C31CF4FD6300ACD5A5 /* ChartMarker.xib */,
			);
			name = NIBs;
			sourceTree = "<group>";
		};
		1EE500621CDDC4E00043D8C3 /* ExternalLib */ = {
			isa = PBXGroup;
			children = (
				1EE500601CDDC4D80043D8C3 /* SweetAlert.swift */,
			);
			name = ExternalLib;
			sourceTree = "<group>";
		};
		97EAF0ECC1DF1D817C2B59FA /* Pods */ = {
			isa = PBXGroup;
			children = (
				E8EEC3C8771CD9D7C1A3F0CC /* Pods-KnowYourWeight.debug.xcconfig */,
				6D4C0399D5F5E73CC9AE0D9F /* Pods-KnowYourWeight.release.xcconfig */,
			);
			name = Pods;
			sourceTree = "<group>";
		};
		B79AFBA9AA4E6522BD8D182B /* Frameworks */ = {
			isa = PBXGroup;
			children = (
				1ECA1B821CDC6BBF009D68F5 /* CryptoSwift.framework */,
				1ECA1B801CDBF15A009D68F5 /* Alamofire.framework */,
				1ECA1B7E1CDBF14B009D68F5 /* Bond.framework */,
				1ECA1B241CD9E860009D68F5 /* Charts.framework */,
				1ECA1AF51CD78ECF009D68F5 /* ObjectMapper.framework */,
				ABE39A699851980445C80081 /* Pods_KnowYourWeight.framework */,
			);
			name = Frameworks;
			sourceTree = "<group>";
		};
/* End PBXGroup section */

/* Begin PBXNativeTarget section */
		1E4676301CD6401500CBFBBC /* KnowYourWeight */ = {
			isa = PBXNativeTarget;
			buildConfigurationList = 1E4676591CD6401500CBFBBC /* Build configuration list for PBXNativeTarget "KnowYourWeight" */;
			buildPhases = (
				157172989B451BFC32FA731C /* 📦 Check Pods Manifest.lock */,
				1E46762D1CD6401500CBFBBC /* Sources */,
				1E46762E1CD6401500CBFBBC /* Frameworks */,
				1E46762F1CD6401500CBFBBC /* Resources */,
				76A70C2ABD2A11DD294FFF05 /* 📦 Embed Pods Frameworks */,
				648E81B5148BD540F1B9BC39 /* 📦 Copy Pods Resources */,
			);
			buildRules = (
			);
			dependencies = (
			);
			name = KnowYourWeight;
			productName = KnowYourWeight;
			productReference = 1E4676311CD6401500CBFBBC /* KnowYourWeight.app */;
			productType = "com.apple.product-type.application";
		};
		1E4676441CD6401500CBFBBC /* KnowYourWeightTests */ = {
			isa = PBXNativeTarget;
			buildConfigurationList = 1E46765C1CD6401500CBFBBC /* Build configuration list for PBXNativeTarget "KnowYourWeightTests" */;
			buildPhases = (
				1E4676411CD6401500CBFBBC /* Sources */,
				1E4676421CD6401500CBFBBC /* Frameworks */,
				1E4676431CD6401500CBFBBC /* Resources */,
			);
			buildRules = (
			);
			dependencies = (
				1E4676471CD6401500CBFBBC /* PBXTargetDependency */,
			);
			name = KnowYourWeightTests;
			productName = KnowYourWeightTests;
			productReference = 1E4676451CD6401500CBFBBC /* KnowYourWeightTests.xctest */;
			productType = "com.apple.product-type.bundle.unit-test";
		};
		1E46764F1CD6401500CBFBBC /* KnowYourWeightUITests */ = {
			isa = PBXNativeTarget;
			buildConfigurationList = 1E46765F1CD6401500CBFBBC /* Build configuration list for PBXNativeTarget "KnowYourWeightUITests" */;
			buildPhases = (
				1E46764C1CD6401500CBFBBC /* Sources */,
				1E46764D1CD6401500CBFBBC /* Frameworks */,
				1E46764E1CD6401500CBFBBC /* Resources */,
			);
			buildRules = (
			);
			dependencies = (
				1E4676521CD6401500CBFBBC /* PBXTargetDependency */,
			);
			name = KnowYourWeightUITests;
			productName = KnowYourWeightUITests;
			productReference = 1E4676501CD6401500CBFBBC /* KnowYourWeightUITests.xctest */;
			productType = "com.apple.product-type.bundle.ui-testing";
		};
/* End PBXNativeTarget section */

/* Begin PBXProject section */
		1E4676291CD6401500CBFBBC /* Project object */ = {
			isa = PBXProject;
			attributes = {
				LastSwiftUpdateCheck = 0720;
				LastUpgradeCheck = 0720;
				ORGANIZATIONNAME = "Nguyen Luong";
				TargetAttributes = {
					1E4676301CD6401500CBFBBC = {
						CreatedOnToolsVersion = 7.2;
						DevelopmentTeam = B49WBAMKUU;
					};
					1E4676441CD6401500CBFBBC = {
						CreatedOnToolsVersion = 7.2;
						TestTargetID = 1E4676301CD6401500CBFBBC;
					};
					1E46764F1CD6401500CBFBBC = {
						CreatedOnToolsVersion = 7.2;
						TestTargetID = 1E4676301CD6401500CBFBBC;
					};
				};
			};
			buildConfigurationList = 1E46762C1CD6401500CBFBBC /* Build configuration list for PBXProject "KnowYourWeight" */;
			compatibilityVersion = "Xcode 3.2";
			developmentRegion = English;
			hasScannedForEncodings = 0;
			knownRegions = (
				en,
				Base,
			);
			mainGroup = 1E4676281CD6401500CBFBBC;
			productRefGroup = 1E4676321CD6401500CBFBBC /* Products */;
			projectDirPath = "";
			projectRoot = "";
			targets = (
				1E4676301CD6401500CBFBBC /* KnowYourWeight */,
				1E4676441CD6401500CBFBBC /* KnowYourWeightTests */,
				1E46764F1CD6401500CBFBBC /* KnowYourWeightUITests */,
			);
		};
/* End PBXProject section */

/* Begin PBXResourcesBuildPhase section */
		1E46762F1CD6401500CBFBBC /* Resources */ = {
			isa = PBXResourcesBuildPhase;
			buildActionMask = 2147483647;
			files = (
				1EE3E0C41CF4FD6300ACD5A5 /* ChartMarker.xib in Resources */,
				1ECA1AFC1CD8D22D009D68F5 /* Images.xcassets in Resources */,
				1E46763F1CD6401500CBFBBC /* LaunchScreen.storyboard in Resources */,
				1E46763A1CD6401500CBFBBC /* Main.storyboard in Resources */,
			);
			runOnlyForDeploymentPostprocessing = 0;
		};
		1E4676431CD6401500CBFBBC /* Resources */ = {
			isa = PBXResourcesBuildPhase;
			buildActionMask = 2147483647;
			files = (
			);
			runOnlyForDeploymentPostprocessing = 0;
		};
		1E46764E1CD6401500CBFBBC /* Resources */ = {
			isa = PBXResourcesBuildPhase;
			buildActionMask = 2147483647;
			files = (
			);
			runOnlyForDeploymentPostprocessing = 0;
		};
/* End PBXResourcesBuildPhase section */

/* Begin PBXShellScriptBuildPhase section */
		157172989B451BFC32FA731C /* 📦 Check Pods Manifest.lock */ = {
			isa = PBXShellScriptBuildPhase;
			buildActionMask = 2147483647;
			files = (
			);
			inputPaths = (
			);
			name = "📦 Check Pods Manifest.lock";
			outputPaths = (
			);
			runOnlyForDeploymentPostprocessing = 0;
			shellPath = /bin/sh;
			shellScript = "diff \"${PODS_ROOT}/../Podfile.lock\" \"${PODS_ROOT}/Manifest.lock\" > /dev/null\nif [[ $? != 0 ]] ; then\n    cat << EOM\nerror: The sandbox is not in sync with the Podfile.lock. Run 'pod install' or update your CocoaPods installation.\nEOM\n    exit 1\nfi\n";
			showEnvVarsInLog = 0;
		};
		648E81B5148BD540F1B9BC39 /* 📦 Copy Pods Resources */ = {
			isa = PBXShellScriptBuildPhase;
			buildActionMask = 2147483647;
			files = (
			);
			inputPaths = (
			);
			name = "📦 Copy Pods Resources";
			outputPaths = (
			);
			runOnlyForDeploymentPostprocessing = 0;
			shellPath = /bin/sh;
			shellScript = "\"${SRCROOT}/Pods/Target Support Files/Pods-KnowYourWeight/Pods-KnowYourWeight-resources.sh\"\n";
			showEnvVarsInLog = 0;
		};
		76A70C2ABD2A11DD294FFF05 /* 📦 Embed Pods Frameworks */ = {
			isa = PBXShellScriptBuildPhase;
			buildActionMask = 2147483647;
			files = (
			);
			inputPaths = (
			);
			name = "📦 Embed Pods Frameworks";
			outputPaths = (
			);
			runOnlyForDeploymentPostprocessing = 0;
			shellPath = /bin/sh;
			shellScript = "\"${SRCROOT}/Pods/Target Support Files/Pods-KnowYourWeight/Pods-KnowYourWeight-frameworks.sh\"\n";
			showEnvVarsInLog = 0;
		};
/* End PBXShellScriptBuildPhase section */

/* Begin PBXSourcesBuildPhase section */
		1E46762D1CD6401500CBFBBC /* Sources */ = {
			isa = PBXSourcesBuildPhase;
			buildActionMask = 2147483647;
			files = (
				1ECA1B0B1CD8F7F2009D68F5 /* SignUpViewController.swift in Sources */,
				1ECA1B061CD8F724009D68F5 /* GraphViewController.swift in Sources */,
				1ECA1B271CDA74C6009D68F5 /* TabbarViewController.swift in Sources */,
				1EACA02A1CD6506000317F26 /* UserViewModel.swift in Sources */,
				1ECA1B041CD8F65E009D68F5 /* HomeViewModel.swift in Sources */,
				1ECA1B291CDB24B0009D68F5 /* Utility.swift in Sources */,
				1ECA1B231CD9E19B009D68F5 /* Route.swift in Sources */,
				1ECA1B091CD8F759009D68F5 /* GraphViewModel.swift in Sources */,
				1ECA1B1D1CD8FA43009D68F5 /* WebService.swift in Sources */,
				1E5752711CE47F4E00E4011C /* ProfileViewController.swift in Sources */,
				1EACA0281CD64F7C00317F26 /* UserTableViewController.swift in Sources */,
				1ECA1B7B1CDBE410009D68F5 /* LoginViewModel.swift in Sources */,
				1EE500611CDDC4D80043D8C3 /* SweetAlert.swift in Sources */,
				1ECA1B021CD8F62A009D68F5 /* HomeViewController.swift in Sources */,
				1E5752741CE47F8000E4011C /* ProfileViewModel.swift in Sources */,
				1ECA1B1F1CD9DC58009D68F5 /* ScaleModel.swift in Sources */,
				1ECA1B791CDBE3EA009D68F5 /* LoginViewController.swift in Sources */,
				1ECA1B0E1CD8F812009D68F5 /* SignUpViewModel.swift in Sources */,
				1ECA1B1A1CD8FA22009D68F5 /* UserModel.swift in Sources */,
				1E4676351CD6401500CBFBBC /* AppDelegate.swift in Sources */,
			);
			runOnlyForDeploymentPostprocessing = 0;
		};
		1E4676411CD6401500CBFBBC /* Sources */ = {
			isa = PBXSourcesBuildPhase;
			buildActionMask = 2147483647;
			files = (
				1E46764A1CD6401500CBFBBC /* KnowYourWeightTests.swift in Sources */,
			);
			runOnlyForDeploymentPostprocessing = 0;
		};
		1E46764C1CD6401500CBFBBC /* Sources */ = {
			isa = PBXSourcesBuildPhase;
			buildActionMask = 2147483647;
			files = (
				1E4676551CD6401500CBFBBC /* KnowYourWeightUITests.swift in Sources */,
			);
			runOnlyForDeploymentPostprocessing = 0;
		};
/* End PBXSourcesBuildPhase section */

/* Begin PBXTargetDependency section */
		1E4676471CD6401500CBFBBC /* PBXTargetDependency */ = {
			isa = PBXTargetDependency;
			target = 1E4676301CD6401500CBFBBC /* KnowYourWeight */;
			targetProxy = 1E4676461CD6401500CBFBBC /* PBXContainerItemProxy */;
		};
		1E4676521CD6401500CBFBBC /* PBXTargetDependency */ = {
			isa = PBXTargetDependency;
			target = 1E4676301CD6401500CBFBBC /* KnowYourWeight */;
			targetProxy = 1E4676511CD6401500CBFBBC /* PBXContainerItemProxy */;
		};
/* End PBXTargetDependency section */

/* Begin PBXVariantGroup section */
		1E4676381CD6401500CBFBBC /* Main.storyboard */ = {
			isa = PBXVariantGroup;
			children = (
				1E4676391CD6401500CBFBBC /* Base */,
			);
			name = Main.storyboard;
			sourceTree = "<group>";
		};
		1E46763D1CD6401500CBFBBC /* LaunchScreen.storyboard */ = {
			isa = PBXVariantGroup;
			children = (
				1E46763E1CD6401500CBFBBC /* Base */,
			);
			name = LaunchScreen.storyboard;
			sourceTree = "<group>";
		};
/* End PBXVariantGroup section */

/* Begin XCBuildConfiguration section */
		1E4676571CD6401500CBFBBC /* Debug */ = {
			isa = XCBuildConfiguration;
			buildSettings = {
				ALWAYS_SEARCH_USER_PATHS = NO;
				CLANG_CXX_LANGUAGE_STANDARD = "gnu++0x";
				CLANG_CXX_LIBRARY = "libc++";
				CLANG_ENABLE_MODULES = YES;
				CLANG_ENABLE_OBJC_ARC = YES;
				CLANG_WARN_BOOL_CONVERSION = YES;
				CLANG_WARN_CONSTANT_CONVERSION = YES;
				CLANG_WARN_DIRECT_OBJC_ISA_USAGE = YES_ERROR;
				CLANG_WARN_EMPTY_BODY = YES;
				CLANG_WARN_ENUM_CONVERSION = YES;
				CLANG_WARN_INT_CONVERSION = YES;
				CLANG_WARN_OBJC_ROOT_CLASS = YES_ERROR;
				CLANG_WARN_UNREACHABLE_CODE = YES;
				CLANG_WARN__DUPLICATE_METHOD_MATCH = YES;
				"CODE_SIGN_IDENTITY[sdk=iphoneos*]" = "iPhone Developer";
				COPY_PHASE_STRIP = NO;
				DEBUG_INFORMATION_FORMAT = dwarf;
				ENABLE_STRICT_OBJC_MSGSEND = YES;
				ENABLE_TESTABILITY = YES;
				GCC_C_LANGUAGE_STANDARD = gnu99;
				GCC_DYNAMIC_NO_PIC = NO;
				GCC_NO_COMMON_BLOCKS = YES;
				GCC_OPTIMIZATION_LEVEL = 0;
				GCC_PREPROCESSOR_DEFINITIONS = (
					"DEBUG=1",
					"$(inherited)",
				);
				GCC_WARN_64_TO_32_BIT_CONVERSION = YES;
				GCC_WARN_ABOUT_RETURN_TYPE = YES_ERROR;
				GCC_WARN_UNDECLARED_SELECTOR = YES;
				GCC_WARN_UNINITIALIZED_AUTOS = YES_AGGRESSIVE;
				GCC_WARN_UNUSED_FUNCTION = YES;
				GCC_WARN_UNUSED_VARIABLE = YES;
				IPHONEOS_DEPLOYMENT_TARGET = 9.2;
				MTL_ENABLE_DEBUG_INFO = YES;
				ONLY_ACTIVE_ARCH = YES;
				SDKROOT = iphoneos;
				SWIFT_OPTIMIZATION_LEVEL = "-Onone";
				TARGETED_DEVICE_FAMILY = "1,2";
			};
			name = Debug;
		};
		1E4676581CD6401500CBFBBC /* Release */ = {
			isa = XCBuildConfiguration;
			buildSettings = {
				ALWAYS_SEARCH_USER_PATHS = NO;
				CLANG_CXX_LANGUAGE_STANDARD = "gnu++0x";
				CLANG_CXX_LIBRARY = "libc++";
				CLANG_ENABLE_MODULES = YES;
				CLANG_ENABLE_OBJC_ARC = YES;
				CLANG_WARN_BOOL_CONVERSION = YES;
				CLANG_WARN_CONSTANT_CONVERSION = YES;
				CLANG_WARN_DIRECT_OBJC_ISA_USAGE = YES_ERROR;
				CLANG_WARN_EMPTY_BODY = YES;
				CLANG_WARN_ENUM_CONVERSION = YES;
				CLANG_WARN_INT_CONVERSION = YES;
				CLANG_WARN_OBJC_ROOT_CLASS = YES_ERROR;
				CLANG_WARN_UNREACHABLE_CODE = YES;
				CLANG_WARN__DUPLICATE_METHOD_MATCH = YES;
				"CODE_SIGN_IDENTITY[sdk=iphoneos*]" = "iPhone Developer";
				COPY_PHASE_STRIP = NO;
				DEBUG_INFORMATION_FORMAT = "dwarf-with-dsym";
				ENABLE_NS_ASSERTIONS = NO;
				ENABLE_STRICT_OBJC_MSGSEND = YES;
				GCC_C_LANGUAGE_STANDARD = gnu99;
				GCC_NO_COMMON_BLOCKS = YES;
				GCC_WARN_64_TO_32_BIT_CONVERSION = YES;
				GCC_WARN_ABOUT_RETURN_TYPE = YES_ERROR;
				GCC_WARN_UNDECLARED_SELECTOR = YES;
				GCC_WARN_UNINITIALIZED_AUTOS = YES_AGGRESSIVE;
				GCC_WARN_UNUSED_FUNCTION = YES;
				GCC_WARN_UNUSED_VARIABLE = YES;
				IPHONEOS_DEPLOYMENT_TARGET = 9.2;
				MTL_ENABLE_DEBUG_INFO = NO;
				SDKROOT = iphoneos;
				TARGETED_DEVICE_FAMILY = "1,2";
				VALIDATE_PRODUCT = YES;
			};
			name = Release;
		};
		1E46765A1CD6401500CBFBBC /* Debug */ = {
			isa = XCBuildConfiguration;
			baseConfigurationReference = E8EEC3C8771CD9D7C1A3F0CC /* Pods-KnowYourWeight.debug.xcconfig */;
			buildSettings = {
				ASSETCATALOG_COMPILER_APPICON_NAME = AppIcon;
				ASSETCATALOG_COMPILER_LAUNCHIMAGE_NAME = "Brand Assets";
				CODE_SIGN_IDENTITY = "iPhone Developer";
				"CODE_SIGN_IDENTITY[sdk=iphoneos*]" = "iPhone Developer";
				FRAMEWORK_SEARCH_PATHS = (
					"$(inherited)",
					"$(PROJECT_DIR)/build/Debug-iphoneos/Alamofire",
					"$(PROJECT_DIR)/build/Debug-iphoneos/Bond",
					"$(PROJECT_DIR)/build/Debug-iphoneos/CryptoSwift",
				);
				INFOPLIST_FILE = KnowYourWeight/Info.plist;
				LD_RUNPATH_SEARCH_PATHS = "$(inherited) @executable_path/Frameworks";
				PRODUCT_BUNDLE_IDENTIFIER = lnknguyen.KnowYourWeight;
				PRODUCT_NAME = "$(TARGET_NAME)";
				PROVISIONING_PROFILE = "";
				TARGETED_DEVICE_FAMILY = 1;
			};
			name = Debug;
		};
		1E46765B1CD6401500CBFBBC /* Release */ = {
			isa = XCBuildConfiguration;
			baseConfigurationReference = 6D4C0399D5F5E73CC9AE0D9F /* Pods-KnowYourWeight.release.xcconfig */;
			buildSettings = {
				ASSETCATALOG_COMPILER_APPICON_NAME = AppIcon;
				ASSETCATALOG_COMPILER_LAUNCHIMAGE_NAME = "Brand Assets";
				CODE_SIGN_IDENTITY = "iPhone Developer";
				"CODE_SIGN_IDENTITY[sdk=iphoneos*]" = "iPhone Developer";
				FRAMEWORK_SEARCH_PATHS = (
					"$(inherited)",
					"$(PROJECT_DIR)/build/Debug-iphoneos/Alamofire",
					"$(PROJECT_DIR)/build/Debug-iphoneos/Bond",
					"$(PROJECT_DIR)/build/Debug-iphoneos/CryptoSwift",
				);
				INFOPLIST_FILE = KnowYourWeight/Info.plist;
				LD_RUNPATH_SEARCH_PATHS = "$(inherited) @executable_path/Frameworks";
				PRODUCT_BUNDLE_IDENTIFIER = lnknguyen.KnowYourWeight;
				PRODUCT_NAME = "$(TARGET_NAME)";
				PROVISIONING_PROFILE = "";
				TARGETED_DEVICE_FAMILY = 1;
			};
			name = Release;
		};
		1E46765D1CD6401500CBFBBC /* Debug */ = {
			isa = XCBuildConfiguration;
			buildSettings = {
				BUNDLE_LOADER = "$(TEST_HOST)";
				INFOPLIST_FILE = KnowYourWeightTests/Info.plist;
				LD_RUNPATH_SEARCH_PATHS = "$(inherited) @executable_path/Frameworks @loader_path/Frameworks";
				PRODUCT_BUNDLE_IDENTIFIER = lnknguyen.KnowYourWeightTests;
				PRODUCT_NAME = "$(TARGET_NAME)";
				TEST_HOST = "$(BUILT_PRODUCTS_DIR)/KnowYourWeight.app/KnowYourWeight";
			};
			name = Debug;
		};
		1E46765E1CD6401500CBFBBC /* Release */ = {
			isa = XCBuildConfiguration;
			buildSettings = {
				BUNDLE_LOADER = "$(TEST_HOST)";
				INFOPLIST_FILE = KnowYourWeightTests/Info.plist;
				LD_RUNPATH_SEARCH_PATHS = "$(inherited) @executable_path/Frameworks @loader_path/Frameworks";
				PRODUCT_BUNDLE_IDENTIFIER = lnknguyen.KnowYourWeightTests;
				PRODUCT_NAME = "$(TARGET_NAME)";
				TEST_HOST = "$(BUILT_PRODUCTS_DIR)/KnowYourWeight.app/KnowYourWeight";
			};
			name = Release;
		};
		1E4676601CD6401500CBFBBC /* Debug */ = {
			isa = XCBuildConfiguration;
			buildSettings = {
				INFOPLIST_FILE = KnowYourWeightUITests/Info.plist;
				LD_RUNPATH_SEARCH_PATHS = "$(inherited) @executable_path/Frameworks @loader_path/Frameworks";
				PRODUCT_BUNDLE_IDENTIFIER = lnknguyen.KnowYourWeightUITests;
				PRODUCT_NAME = "$(TARGET_NAME)";
				TEST_TARGET_NAME = KnowYourWeight;
				USES_XCTRUNNER = YES;
			};
			name = Debug;
		};
		1E4676611CD6401500CBFBBC /* Release */ = {
			isa = XCBuildConfiguration;
			buildSettings = {
				INFOPLIST_FILE = KnowYourWeightUITests/Info.plist;
				LD_RUNPATH_SEARCH_PATHS = "$(inherited) @executable_path/Frameworks @loader_path/Frameworks";
				PRODUCT_BUNDLE_IDENTIFIER = lnknguyen.KnowYourWeightUITests;
				PRODUCT_NAME = "$(TARGET_NAME)";
				TEST_TARGET_NAME = KnowYourWeight;
				USES_XCTRUNNER = YES;
			};
			name = Release;
		};
/* End XCBuildConfiguration section */

/* Begin XCConfigurationList section */
		1E46762C1CD6401500CBFBBC /* Build configuration list for PBXProject "KnowYourWeight" */ = {
			isa = XCConfigurationList;
			buildConfigurations = (
				1E4676571CD6401500CBFBBC /* Debug */,
				1E4676581CD6401500CBFBBC /* Release */,
			);
			defaultConfigurationIsVisible = 0;
			defaultConfigurationName = Release;
		};
		1E4676591CD6401500CBFBBC /* Build configuration list for PBXNativeTarget "KnowYourWeight" */ = {
			isa = XCConfigurationList;
			buildConfigurations = (
				1E46765A1CD6401500CBFBBC /* Debug */,
				1E46765B1CD6401500CBFBBC /* Release */,
			);
			defaultConfigurationIsVisible = 0;
			defaultConfigurationName = Release;
		};
		1E46765C1CD6401500CBFBBC /* Build configuration list for PBXNativeTarget "KnowYourWeightTests" */ = {
			isa = XCConfigurationList;
			buildConfigurations = (
				1E46765D1CD6401500CBFBBC /* Debug */,
				1E46765E1CD6401500CBFBBC /* Release */,
			);
			defaultConfigurationIsVisible = 0;
			defaultConfigurationName = Release;
		};
		1E46765F1CD6401500CBFBBC /* Build configuration list for PBXNativeTarget "KnowYourWeightUITests" */ = {
			isa = XCConfigurationList;
			buildConfigurations = (
				1E4676601CD6401500CBFBBC /* Debug */,
				1E4676611CD6401500CBFBBC /* Release */,
			);
			defaultConfigurationIsVisible = 0;
			defaultConfigurationName = Release;
		};
/* End XCConfigurationList section */
	};
	rootObject = 1E4676291CD6401500CBFBBC /* Project object */;
}
